dependencies:
  idf:
    source:
      type: idf
    version: 6.0.0
  mkfrey/u8g2-hal-esp-idf:
    component_hash: 924949331c8a98ba949485522ae6f10ac8af4e44ca24948b23c6630a1321ac9a
    dependencies: []
    source:
      git: https://github.com/mkfrey/u8g2-hal-esp-idf.git
      path: .
      type: git
    version: 4ddd714deabdb45885174724306637f2274d4f6b
  nixy4/u8g2:
    component_hash: d23326bf33da6b0a41ef16caa527689d770bcb7c469d8d57ca18a42f4cfed81b
    dependencies:
    - name: idf
      require: private
      version: '>=5.0'
    source:
      registry_url: https://components.espressif.com/
      type: service
    version: 0.1.4
direct_dependencies:
- idf
- mkfrey/u8g2-hal-esp-idf
- nixy4/u8g2
manifest_hash: 4dbe7a275285fb83603a062e6a00b39a73ca7d90180c63419069a2c2caaa0ad6
target: esp32
version: 3.0.0
